// !$*UTF8*$!
{
	archiveVersion = 1;
	classes = {
	};
	objectVersion = 46;
	objects = {

/* Begin PBXBuildFile section */
		FE640C351D597B3100652BAC /* Info.plist in Resources */ = {isa = PBXBuildFile; fileRef = FE640C251D597B3100652BAC /* Info.plist */; };
		FE640C361D597B3100652BAC /* VDSocketAddress.m in Sources */ = {isa = PBXBuildFile; fileRef = FE640C281D597B3100652BAC /* VDSocketAddress.m */; };
		FE640C371D597B3100652BAC /* VDSocketClient.m in Sources */ = {isa = PBXBuildFile; fileRef = FE640C2A1D597B3100652BAC /* VDSocketClient.m */; };
		FE640C381D597B3100652BAC /* VDSocketConfigure.m in Sources */ = {isa = PBXBuildFile; fileRef = FE640C2C1D597B3100652BAC /* VDSocketConfigure.m */; };
		FE640C391D597B3100652BAC /* VDSocketHeartBeatHelper.m in Sources */ = {isa = PBXBuildFile; fileRef = FE640C2E1D597B3100652BAC /* VDSocketHeartBeatHelper.m */; };
		FE640C3A1D597B3100652BAC /* VDSocketPacket.m in Sources */ = {isa = PBXBuildFile; fileRef = FE640C301D597B3100652BAC /* VDSocketPacket.m */; };
		FE640C3B1D597B3100652BAC /* VDSocketPacketHelper.m in Sources */ = {isa = PBXBuildFile; fileRef = FE640C321D597B3100652BAC /* VDSocketPacketHelper.m */; };
		FE640C3C1D597B3100652BAC /* VDSocketResponsePacket.m in Sources */ = {isa = PBXBuildFile; fileRef = FE640C341D597B3100652BAC /* VDSocketResponsePacket.m */; };
		FE640C431D597C7F00652BAC /* CocoaAsyncSocket.framework in Frameworks */ = {isa = PBXBuildFile; fileRef = FE640C3D1D597C7F00652BAC /* CocoaAsyncSocket.framework */; };
		FE640C441D597C7F00652BAC /* CocoaAsyncSocket.framework in Embed Frameworks */ = {isa = PBXBuildFile; fileRef = FE640C3D1D597C7F00652BAC /* CocoaAsyncSocket.framework */; settings = {ATTRIBUTES = (CodeSignOnCopy, RemoveHeadersOnCopy, ); }; };
		FE640C451D597C7F00652BAC /* objcArray.framework in Frameworks */ = {isa = PBXBuildFile; fileRef = FE640C3E1D597C7F00652BAC /* objcArray.framework */; };
		FE640C461D597C7F00652BAC /* objcArray.framework in Embed Frameworks */ = {isa = PBXBuildFile; fileRef = FE640C3E1D597C7F00652BAC /* objcArray.framework */; settings = {ATTRIBUTES = (CodeSignOnCopy, RemoveHeadersOnCopy, ); }; };
		FE640C471D597C7F00652BAC /* objcBlock.framework in Frameworks */ = {isa = PBXBuildFile; fileRef = FE640C3F1D597C7F00652BAC /* objcBlock.framework */; };
		FE640C481D597C7F00652BAC /* objcBlock.framework in Embed Frameworks */ = {isa = PBXBuildFile; fileRef = FE640C3F1D597C7F00652BAC /* objcBlock.framework */; settings = {ATTRIBUTES = (CodeSignOnCopy, RemoveHeadersOnCopy, ); }; };
		FE640C491D597C7F00652BAC /* objcString.framework in Frameworks */ = {isa = PBXBuildFile; fileRef = FE640C401D597C7F00652BAC /* objcString.framework */; };
		FE640C4A1D597C7F00652BAC /* objcString.framework in Embed Frameworks */ = {isa = PBXBuildFile; fileRef = FE640C401D597C7F00652BAC /* objcString.framework */; settings = {ATTRIBUTES = (CodeSignOnCopy, RemoveHeadersOnCopy, ); }; };
		FE640C4B1D597C7F00652BAC /* objcTimer.framework in Frameworks */ = {isa = PBXBuildFile; fileRef = FE640C411D597C7F00652BAC /* objcTimer.framework */; };
		FE640C4C1D597C7F00652BAC /* objcTimer.framework in Embed Frameworks */ = {isa = PBXBuildFile; fileRef = FE640C411D597C7F00652BAC /* objcTimer.framework */; settings = {ATTRIBUTES = (CodeSignOnCopy, RemoveHeadersOnCopy, ); }; };
		FE640C4D1D597C8000652BAC /* objcWeakRef.framework in Frameworks */ = {isa = PBXBuildFile; fileRef = FE640C421D597C7F00652BAC /* objcWeakRef.framework */; };
		FE640C4E1D597C8000652BAC /* objcWeakRef.framework in Embed Frameworks */ = {isa = PBXBuildFile; fileRef = FE640C421D597C7F00652BAC /* objcWeakRef.framework */; settings = {ATTRIBUTES = (CodeSignOnCopy, RemoveHeadersOnCopy, ); }; };
		FECA25E31D23A36D00ED8FDD /* main.m in Sources */ = {isa = PBXBuildFile; fileRef = FECA25E21D23A36D00ED8FDD /* main.m */; };
		FECA25E61D23A36D00ED8FDD /* AppDelegate.m in Sources */ = {isa = PBXBuildFile; fileRef = FECA25E51D23A36D00ED8FDD /* AppDelegate.m */; };
		FECA25E91D23A36D00ED8FDD /* ViewController.m in Sources */ = {isa = PBXBuildFile; fileRef = FECA25E81D23A36D00ED8FDD /* ViewController.m */; };
		FECA25EC1D23A36D00ED8FDD /* Main.storyboard in Resources */ = {isa = PBXBuildFile; fileRef = FECA25EA1D23A36D00ED8FDD /* Main.storyboard */; };
		FECA25EE1D23A36D00ED8FDD /* Assets.xcassets in Resources */ = {isa = PBXBuildFile; fileRef = FECA25ED1D23A36D00ED8FDD /* Assets.xcassets */; };
		FECA25F11D23A36D00ED8FDD /* LaunchScreen.storyboard in Resources */ = {isa = PBXBuildFile; fileRef = FECA25EF1D23A36D00ED8FDD /* LaunchScreen.storyboard */; };
/* End PBXBuildFile section */

/* Begin PBXCopyFilesBuildPhase section */
		FECA26211D23BAD700ED8FDD /* Embed Frameworks */ = {
			isa = PBXCopyFilesBuildPhase;
			buildActionMask = 2147483647;
			dstPath = "";
			dstSubfolderSpec = 10;
			files = (
				FE640C4C1D597C7F00652BAC /* objcTimer.framework in Embed Frameworks */,
				FE640C461D597C7F00652BAC /* objcArray.framework in Embed Frameworks */,
				FE640C4E1D597C8000652BAC /* objcWeakRef.framework in Embed Frameworks */,
				FE640C4A1D597C7F00652BAC /* objcString.framework in Embed Frameworks */,
				FE640C481D597C7F00652BAC /* objcBlock.framework in Embed Frameworks */,
				FE640C441D597C7F00652BAC /* CocoaAsyncSocket.framework in Embed Frameworks */,
			);
			name = "Embed Frameworks";
			runOnlyForDeploymentPostprocessing = 0;
		};
/* End PBXCopyFilesBuildPhase section */

/* Begin PBXFileReference section */
		FE640C251D597B3100652BAC /* Info.plist */ = {isa = PBXFileReference; fileEncoding = 4; lastKnownFileType = text.plist.xml; path = Info.plist; sourceTree = "<group>"; };
		FE640C261D597B3100652BAC /* objcSocketClient.h */ = {isa = PBXFileReference; fileEncoding = 4; lastKnownFileType = sourcecode.c.h; path = objcSocketClient.h; sourceTree = "<group>"; };
		FE640C271D597B3100652BAC /* VDSocketAddress.h */ = {isa = PBXFileReference; fileEncoding = 4; lastKnownFileType = sourcecode.c.h; path = VDSocketAddress.h; sourceTree = "<group>"; };
		FE640C281D597B3100652BAC /* VDSocketAddress.m */ = {isa = PBXFileReference; fileEncoding = 4; lastKnownFileType = sourcecode.c.objc; path = VDSocketAddress.m; sourceTree = "<group>"; };
		FE640C291D597B3100652BAC /* VDSocketClient.h */ = {isa = PBXFileReference; fileEncoding = 4; lastKnownFileType = sourcecode.c.h; path = VDSocketClient.h; sourceTree = "<group>"; };
		FE640C2A1D597B3100652BAC /* VDSocketClient.m */ = {isa = PBXFileReference; fileEncoding = 4; lastKnownFileType = sourcecode.c.objc; path = VDSocketClient.m; sourceTree = "<group>"; };
		FE640C2B1D597B3100652BAC /* VDSocketConfigure.h */ = {isa = PBXFileReference; fileEncoding = 4; lastKnownFileType = sourcecode.c.h; path = VDSocketConfigure.h; sourceTree = "<group>"; };
		FE640C2C1D597B3100652BAC /* VDSocketConfigure.m */ = {isa = PBXFileReference; fileEncoding = 4; lastKnownFileType = sourcecode.c.objc; path = VDSocketConfigure.m; sourceTree = "<group>"; };
		FE640C2D1D597B3100652BAC /* VDSocketHeartBeatHelper.h */ = {isa = PBXFileReference; fileEncoding = 4; lastKnownFileType = sourcecode.c.h; path = VDSocketHeartBeatHelper.h; sourceTree = "<group>"; };
		FE640C2E1D597B3100652BAC /* VDSocketHeartBeatHelper.m */ = {isa = PBXFileReference; fileEncoding = 4; lastKnownFileType = sourcecode.c.objc; path = VDSocketHeartBeatHelper.m; sourceTree = "<group>"; };
		FE640C2F1D597B3100652BAC /* VDSocketPacket.h */ = {isa = PBXFileReference; fileEncoding = 4; lastKnownFileType = sourcecode.c.h; path = VDSocketPacket.h; sourceTree = "<group>"; };
		FE640C301D597B3100652BAC /* VDSocketPacket.m */ = {isa = PBXFileReference; fileEncoding = 4; lastKnownFileType = sourcecode.c.objc; path = VDSocketPacket.m; sourceTree = "<group>"; };
		FE640C311D597B3100652BAC /* VDSocketPacketHelper.h */ = {isa = PBXFileReference; fileEncoding = 4; lastKnownFileType = sourcecode.c.h; path = VDSocketPacketHelper.h; sourceTree = "<group>"; };
		FE640C321D597B3100652BAC /* VDSocketPacketHelper.m */ = {isa = PBXFileReference; fileEncoding = 4; lastKnownFileType = sourcecode.c.objc; path = VDSocketPacketHelper.m; sourceTree = "<group>"; };
		FE640C331D597B3100652BAC /* VDSocketResponsePacket.h */ = {isa = PBXFileReference; fileEncoding = 4; lastKnownFileType = sourcecode.c.h; path = VDSocketResponsePacket.h; sourceTree = "<group>"; };
		FE640C341D597B3100652BAC /* VDSocketResponsePacket.m */ = {isa = PBXFileReference; fileEncoding = 4; lastKnownFileType = sourcecode.c.objc; path = VDSocketResponsePacket.m; sourceTree = "<group>"; };
		FE640C3D1D597C7F00652BAC /* CocoaAsyncSocket.framework */ = {isa = PBXFileReference; lastKnownFileType = wrapper.framework; name = CocoaAsyncSocket.framework; path = ../Carthage/Build/iOS/CocoaAsyncSocket.framework; sourceTree = "<group>"; };
		FE640C3E1D597C7F00652BAC /* objcArray.framework */ = {isa = PBXFileReference; lastKnownFileType = wrapper.framework; name = objcArray.framework; path = ../Carthage/Build/iOS/objcArray.framework; sourceTree = "<group>"; };
		FE640C3F1D597C7F00652BAC /* objcBlock.framework */ = {isa = PBXFileReference; lastKnownFileType = wrapper.framework; name = objcBlock.framework; path = ../Carthage/Build/iOS/objcBlock.framework; sourceTree = "<group>"; };
		FE640C401D597C7F00652BAC /* objcString.framework */ = {isa = PBXFileReference; lastKnownFileType = wrapper.framework; name = objcString.framework; path = ../Carthage/Build/iOS/objcString.framework; sourceTree = "<group>"; };
		FE640C411D597C7F00652BAC /* objcTimer.framework */ = {isa = PBXFileReference; lastKnownFileType = wrapper.framework; name = objcTimer.framework; path = ../Carthage/Build/iOS/objcTimer.framework; sourceTree = "<group>"; };
		FE640C421D597C7F00652BAC /* objcWeakRef.framework */ = {isa = PBXFileReference; lastKnownFileType = wrapper.framework; name = objcWeakRef.framework; path = ../Carthage/Build/iOS/objcWeakRef.framework; sourceTree = "<group>"; };
		FECA25DE1D23A36D00ED8FDD /* objcSocketClientDemo.app */ = {isa = PBXFileReference; explicitFileType = wrapper.application; includeInIndex = 0; path = objcSocketClientDemo.app; sourceTree = BUILT_PRODUCTS_DIR; };
		FECA25E21D23A36D00ED8FDD /* main.m */ = {isa = PBXFileReference; lastKnownFileType = sourcecode.c.objc; path = main.m; sourceTree = "<group>"; };
		FECA25E41D23A36D00ED8FDD /* AppDelegate.h */ = {isa = PBXFileReference; lastKnownFileType = sourcecode.c.h; path = AppDelegate.h; sourceTree = "<group>"; };
		FECA25E51D23A36D00ED8FDD /* AppDelegate.m */ = {isa = PBXFileReference; lastKnownFileType = sourcecode.c.objc; path = AppDelegate.m; sourceTree = "<group>"; };
		FECA25E71D23A36D00ED8FDD /* ViewController.h */ = {isa = PBXFileReference; lastKnownFileType = sourcecode.c.h; path = ViewController.h; sourceTree = "<group>"; };
		FECA25E81D23A36D00ED8FDD /* ViewController.m */ = {isa = PBXFileReference; lastKnownFileType = sourcecode.c.objc; path = ViewController.m; sourceTree = "<group>"; };
		FECA25EB1D23A36D00ED8FDD /* Base */ = {isa = PBXFileReference; lastKnownFileType = file.storyboard; name = Base; path = Base.lproj/Main.storyboard; sourceTree = "<group>"; };
		FECA25ED1D23A36D00ED8FDD /* Assets.xcassets */ = {isa = PBXFileReference; lastKnownFileType = folder.assetcatalog; path = Assets.xcassets; sourceTree = "<group>"; };
		FECA25F01D23A36D00ED8FDD /* Base */ = {isa = PBXFileReference; lastKnownFileType = file.storyboard; name = Base; path = Base.lproj/LaunchScreen.storyboard; sourceTree = "<group>"; };
		FECA25F21D23A36D00ED8FDD /* Info.plist */ = {isa = PBXFileReference; lastKnownFileType = text.plist.xml; path = Info.plist; sourceTree = "<group>"; };
/* End PBXFileReference section */

/* Begin PBXFrameworksBuildPhase section */
		FECA25DB1D23A36D00ED8FDD /* Frameworks */ = {
			isa = PBXFrameworksBuildPhase;
			buildActionMask = 2147483647;
			files = (
				FE640C4B1D597C7F00652BAC /* objcTimer.framework in Frameworks */,
				FE640C451D597C7F00652BAC /* objcArray.framework in Frameworks */,
				FE640C4D1D597C8000652BAC /* objcWeakRef.framework in Frameworks */,
				FE640C491D597C7F00652BAC /* objcString.framework in Frameworks */,
				FE640C471D597C7F00652BAC /* objcBlock.framework in Frameworks */,
				FE640C431D597C7F00652BAC /* CocoaAsyncSocket.framework in Frameworks */,
			);
			runOnlyForDeploymentPostprocessing = 0;
		};
/* End PBXFrameworksBuildPhase section */

/* Begin PBXGroup section */
		FE640C241D597B3100652BAC /* objcSocketClient */ = {
			isa = PBXGroup;
			children = (
				FE640C251D597B3100652BAC /* Info.plist */,
				FE640C261D597B3100652BAC /* objcSocketClient.h */,
				FE640C271D597B3100652BAC /* VDSocketAddress.h */,
				FE640C281D597B3100652BAC /* VDSocketAddress.m */,
				FE640C291D597B3100652BAC /* VDSocketClient.h */,
				FE640C2A1D597B3100652BAC /* VDSocketClient.m */,
				FE640C2B1D597B3100652BAC /* VDSocketConfigure.h */,
				FE640C2C1D597B3100652BAC /* VDSocketConfigure.m */,
				FE640C2D1D597B3100652BAC /* VDSocketHeartBeatHelper.h */,
				FE640C2E1D597B3100652BAC /* VDSocketHeartBeatHelper.m */,
				FE640C2F1D597B3100652BAC /* VDSocketPacket.h */,
				FE640C301D597B3100652BAC /* VDSocketPacket.m */,
				FE640C311D597B3100652BAC /* VDSocketPacketHelper.h */,
				FE640C321D597B3100652BAC /* VDSocketPacketHelper.m */,
				FE640C331D597B3100652BAC /* VDSocketResponsePacket.h */,
				FE640C341D597B3100652BAC /* VDSocketResponsePacket.m */,
			);
			name = objcSocketClient;
			path = ../objcSocketClient;
			sourceTree = "<group>";
		};
		FECA25D51D23A36D00ED8FDD = {
			isa = PBXGroup;
			children = (
				FE640C3D1D597C7F00652BAC /* CocoaAsyncSocket.framework */,
				FE640C3E1D597C7F00652BAC /* objcArray.framework */,
				FE640C3F1D597C7F00652BAC /* objcBlock.framework */,
				FE640C401D597C7F00652BAC /* objcString.framework */,
				FE640C411D597C7F00652BAC /* objcTimer.framework */,
				FE640C421D597C7F00652BAC /* objcWeakRef.framework */,
				FE640C241D597B3100652BAC /* objcSocketClient */,
				FECA25E01D23A36D00ED8FDD /* objcSocketClientDemo */,
				FECA25DF1D23A36D00ED8FDD /* Products */,
			);
			sourceTree = "<group>";
		};
		FECA25DF1D23A36D00ED8FDD /* Products */ = {
			isa = PBXGroup;
			children = (
				FECA25DE1D23A36D00ED8FDD /* objcSocketClientDemo.app */,
			);
			name = Products;
			sourceTree = "<group>";
		};
		FECA25E01D23A36D00ED8FDD /* objcSocketClientDemo */ = {
			isa = PBXGroup;
			children = (
				FECA25E41D23A36D00ED8FDD /* AppDelegate.h */,
				FECA25E51D23A36D00ED8FDD /* AppDelegate.m */,
				FECA25E71D23A36D00ED8FDD /* ViewController.h */,
				FECA25E81D23A36D00ED8FDD /* ViewController.m */,
				FECA25EA1D23A36D00ED8FDD /* Main.storyboard */,
				FECA25ED1D23A36D00ED8FDD /* Assets.xcassets */,
				FECA25EF1D23A36D00ED8FDD /* LaunchScreen.storyboard */,
				FECA25F21D23A36D00ED8FDD /* Info.plist */,
				FECA25E11D23A36D00ED8FDD /* Supporting Files */,
			);
			path = objcSocketClientDemo;
			sourceTree = "<group>";
		};
		FECA25E11D23A36D00ED8FDD /* Supporting Files */ = {
			isa = PBXGroup;
			children = (
				FECA25E21D23A36D00ED8FDD /* main.m */,
			);
			name = "Supporting Files";
			sourceTree = "<group>";
		};
/* End PBXGroup section */

/* Begin PBXNativeTarget section */
		FECA25DD1D23A36D00ED8FDD /* objcSocketClientDemo */ = {
			isa = PBXNativeTarget;
			buildConfigurationList = FECA25F51D23A36D00ED8FDD /* Build configuration list for PBXNativeTarget "objcSocketClientDemo" */;
			buildPhases = (
				FECA25DA1D23A36D00ED8FDD /* Sources */,
				FECA25DB1D23A36D00ED8FDD /* Frameworks */,
				FECA25DC1D23A36D00ED8FDD /* Resources */,
				FECA26211D23BAD700ED8FDD /* Embed Frameworks */,
			);
			buildRules = (
			);
			dependencies = (
			);
			name = objcSocketClientDemo;
			productName = objcSocketClientDemo;
			productReference = FECA25DE1D23A36D00ED8FDD /* objcSocketClientDemo.app */;
			productType = "com.apple.product-type.application";
		};
/* End PBXNativeTarget section */

/* Begin PBXProject section */
		FECA25D61D23A36D00ED8FDD /* Project object */ = {
			isa = PBXProject;
			attributes = {
				LastUpgradeCheck = 0730;
				ORGANIZATIONNAME = vilyever;
				TargetAttributes = {
					FECA25DD1D23A36D00ED8FDD = {
						CreatedOnToolsVersion = 7.3.1;
						DevelopmentTeam = 2594YAARKH;
					};
				};
			};
			buildConfigurationList = FECA25D91D23A36D00ED8FDD /* Build configuration list for PBXProject "objcSocketClientDemo" */;
			compatibilityVersion = "Xcode 3.2";
			developmentRegion = English;
			hasScannedForEncodings = 0;
			knownRegions = (
				en,
				Base,
			);
			mainGroup = FECA25D51D23A36D00ED8FDD;
			productRefGroup = FECA25DF1D23A36D00ED8FDD /* Products */;
			projectDirPath = "";
			projectRoot = "";
			targets = (
				FECA25DD1D23A36D00ED8FDD /* objcSocketClientDemo */,
			);
		};
/* End PBXProject section */

/* Begin PBXResourcesBuildPhase section */
		FECA25DC1D23A36D00ED8FDD /* Resources */ = {
			isa = PBXResourcesBuildPhase;
			buildActionMask = 2147483647;
			files = (
				FE640C351D597B3100652BAC /* Info.plist in Resources */,
				FECA25F11D23A36D00ED8FDD /* LaunchScreen.storyboard in Resources */,
				FECA25EE1D23A36D00ED8FDD /* Assets.xcassets in Resources */,
				FECA25EC1D23A36D00ED8FDD /* Main.storyboard in Resources */,
			);
			runOnlyForDeploymentPostprocessing = 0;
		};
/* End PBXResourcesBuildPhase section */

/* Begin PBXSourcesBuildPhase section */
		FECA25DA1D23A36D00ED8FDD /* Sources */ = {
			isa = PBXSourcesBuildPhase;
			buildActionMask = 2147483647;
			files = (
				FECA25E91D23A36D00ED8FDD /* ViewController.m in Sources */,
				FE640C371D597B3100652BAC /* VDSocketClient.m in Sources */,
				FE640C391D597B3100652BAC /* VDSocketHeartBeatHelper.m in Sources */,
				FE640C361D597B3100652BAC /* VDSocketAddress.m in Sources */,
				FE640C381D597B3100652BAC /* VDSocketConfigure.m in Sources */,
				FE640C3B1D597B3100652BAC /* VDSocketPacketHelper.m in Sources */,
				FECA25E61D23A36D00ED8FDD /* AppDelegate.m in Sources */,
				FE640C3A1D597B3100652BAC /* VDSocketPacket.m in Sources */,
				FECA25E31D23A36D00ED8FDD /* main.m in Sources */,
				FE640C3C1D597B3100652BAC /* VDSocketResponsePacket.m in Sources */,
			);
			runOnlyForDeploymentPostprocessing = 0;
		};
/* End PBXSourcesBuildPhase section */

/* Begin PBXVariantGroup section */
		FECA25EA1D23A36D00ED8FDD /* Main.storyboard */ = {
			isa = PBXVariantGroup;
			children = (
				FECA25EB1D23A36D00ED8FDD /* Base */,
			);
			name = Main.storyboard;
			sourceTree = "<group>";
		};
		FECA25EF1D23A36D00ED8FDD /* LaunchScreen.storyboard */ = {
			isa = PBXVariantGroup;
			children = (
				FECA25F01D23A36D00ED8FDD /* Base */,
			);
			name = LaunchScreen.storyboard;
			sourceTree = "<group>";
		};
/* End PBXVariantGroup section */

/* Begin XCBuildConfiguration section */
		FECA25F31D23A36D00ED8FDD /* Debug */ = {
			isa = XCBuildConfiguration;
			buildSettings = {
				ALWAYS_SEARCH_USER_PATHS = NO;
				CLANG_ANALYZER_NONNULL = YES;
				CLANG_CXX_LANGUAGE_STANDARD = "gnu++0x";
				CLANG_CXX_LIBRARY = "libc++";
				CLANG_ENABLE_MODULES = YES;
				CLANG_ENABLE_OBJC_ARC = YES;
				CLANG_WARN_BOOL_CONVERSION = YES;
				CLANG_WARN_CONSTANT_CONVERSION = YES;
				CLANG_WARN_DIRECT_OBJC_ISA_USAGE = YES_ERROR;
				CLANG_WARN_EMPTY_BODY = YES;
				CLANG_WARN_ENUM_CONVERSION = YES;
				CLANG_WARN_INT_CONVERSION = YES;
				CLANG_WARN_OBJC_ROOT_CLASS = YES_ERROR;
				CLANG_WARN_UNREACHABLE_CODE = YES;
				CLANG_WARN__DUPLICATE_METHOD_MATCH = YES;
				"CODE_SIGN_IDENTITY[sdk=iphoneos*]" = "iPhone Developer";
				COPY_PHASE_STRIP = NO;
				DEBUG_INFORMATION_FORMAT = dwarf;
				ENABLE_STRICT_OBJC_MSGSEND = YES;
				ENABLE_TESTABILITY = YES;
				GCC_C_LANGUAGE_STANDARD = gnu99;
				GCC_DYNAMIC_NO_PIC = NO;
				GCC_NO_COMMON_BLOCKS = YES;
				GCC_OPTIMIZATION_LEVEL = 0;
				GCC_PREPROCESSOR_DEFINITIONS = (
					"DEBUG=1",
					"$(inherited)",
				);
				GCC_WARN_64_TO_32_BIT_CONVERSION = YES;
				GCC_WARN_ABOUT_RETURN_TYPE = YES_ERROR;
				GCC_WARN_UNDECLARED_SELECTOR = YES;
				GCC_WARN_UNINITIALIZED_AUTOS = YES_AGGRESSIVE;
				GCC_WARN_UNUSED_FUNCTION = YES;
				GCC_WARN_UNUSED_VARIABLE = YES;
				IPHONEOS_DEPLOYMENT_TARGET = 9.3;
				MTL_ENABLE_DEBUG_INFO = YES;
				ONLY_ACTIVE_ARCH = YES;
				SDKROOT = iphoneos;
				TARGETED_DEVICE_FAMILY = "1,2";
			};
			name = Debug;
		};
		FECA25F41D23A36D00ED8FDD /* Release */ = {
			isa = XCBuildConfiguration;
			buildSettings = {
				ALWAYS_SEARCH_USER_PATHS = NO;
				CLANG_ANALYZER_NONNULL = YES;
				CLANG_CXX_LANGUAGE_STANDARD = "gnu++0x";
				CLANG_CXX_LIBRARY = "libc++";
				CLANG_ENABLE_MODULES = YES;
				CLANG_ENABLE_OBJC_ARC = YES;
				CLANG_WARN_BOOL_CONVERSION = YES;
				CLANG_WARN_CONSTANT_CONVERSION = YES;
				CLANG_WARN_DIRECT_OBJC_ISA_USAGE = YES_ERROR;
				CLANG_WARN_EMPTY_BODY = YES;
				CLANG_WARN_ENUM_CONVERSION = YES;
				CLANG_WARN_INT_CONVERSION = YES;
				CLANG_WARN_OBJC_ROOT_CLASS = YES_ERROR;
				CLANG_WARN_UNREACHABLE_CODE = YES;
				CLANG_WARN__DUPLICATE_METHOD_MATCH = YES;
				"CODE_SIGN_IDENTITY[sdk=iphoneos*]" = "iPhone Developer";
				COPY_PHASE_STRIP = NO;
				DEBUG_INFORMATION_FORMAT = "dwarf-with-dsym";
				ENABLE_NS_ASSERTIONS = NO;
				ENABLE_STRICT_OBJC_MSGSEND = YES;
				GCC_C_LANGUAGE_STANDARD = gnu99;
				GCC_NO_COMMON_BLOCKS = YES;
				GCC_WARN_64_TO_32_BIT_CONVERSION = YES;
				GCC_WARN_ABOUT_RETURN_TYPE = YES_ERROR;
				GCC_WARN_UNDECLARED_SELECTOR = YES;
				GCC_WARN_UNINITIALIZED_AUTOS = YES_AGGRESSIVE;
				GCC_WARN_UNUSED_FUNCTION = YES;
				GCC_WARN_UNUSED_VARIABLE = YES;
				IPHONEOS_DEPLOYMENT_TARGET = 9.3;
				MTL_ENABLE_DEBUG_INFO = NO;
				SDKROOT = iphoneos;
				TARGETED_DEVICE_FAMILY = "1,2";
				VALIDATE_PRODUCT = YES;
			};
			name = Release;
		};
		FECA25F61D23A36D00ED8FDD /* Debug */ = {
			isa = XCBuildConfiguration;
			buildSettings = {
				ASSETCATALOG_COMPILER_APPICON_NAME = AppIcon;
				CODE_SIGN_IDENTITY = "iPhone Developer";
				"CODE_SIGN_IDENTITY[sdk=iphoneos*]" = "iPhone Developer";
				FRAMEWORK_SEARCH_PATHS = (
					"$(inherited)",
					"$(SRCROOT)/../**",
				);
				HEADER_SEARCH_PATHS = "$(SRCROOT)/../**";
				INFOPLIST_FILE = objcSocketClientDemo/Info.plist;
				LD_RUNPATH_SEARCH_PATHS = "$(inherited) @executable_path/Frameworks";
				PRODUCT_BUNDLE_IDENTIFIER = vilyever.objcSocketClientDemo;
				PRODUCT_NAME = "$(TARGET_NAME)";
				PROVISIONING_PROFILE = "";
			};
			name = Debug;
		};
		FECA25F71D23A36D00ED8FDD /* Release */ = {
			isa = XCBuildConfiguration;
			buildSettings = {
				ASSETCATALOG_COMPILER_APPICON_NAME = AppIcon;
				CODE_SIGN_IDENTITY = "iPhone Developer";
				"CODE_SIGN_IDENTITY[sdk=iphoneos*]" = "iPhone Developer";
				FRAMEWORK_SEARCH_PATHS = (
					"$(inherited)",
					"$(SRCROOT)/../**",
				);
				HEADER_SEARCH_PATHS = "$(SRCROOT)/../**";
				INFOPLIST_FILE = objcSocketClientDemo/Info.plist;
				LD_RUNPATH_SEARCH_PATHS = "$(inherited) @executable_path/Frameworks";
				PRODUCT_BUNDLE_IDENTIFIER = vilyever.objcSocketClientDemo;
				PRODUCT_NAME = "$(TARGET_NAME)";
				PROVISIONING_PROFILE = "";
			};
			name = Release;
		};
/* End XCBuildConfiguration section */

/* Begin XCConfigurationList section */
		FECA25D91D23A36D00ED8FDD /* Build configuration list for PBXProject "objcSocketClientDemo" */ = {
			isa = XCConfigurationList;
			buildConfigurations = (
				FECA25F31D23A36D00ED8FDD /* Debug */,
				FECA25F41D23A36D00ED8FDD /* Release */,
			);
			defaultConfigurationIsVisible = 0;
			defaultConfigurationName = Release;
		};
		FECA25F51D23A36D00ED8FDD /* Build configuration list for PBXNativeTarget "objcSocketClientDemo" */ = {
			isa = XCConfigurationList;
			buildConfigurations = (
				FECA25F61D23A36D00ED8FDD /* Debug */,
				FECA25F71D23A36D00ED8FDD /* Release */,
			);
			defaultConfigurationIsVisible = 0;
			defaultConfigurationName = Release;
		};
/* End XCConfigurationList section */
	};
	rootObject = FECA25D61D23A36D00ED8FDD /* Project object */;
}
